
Microsoft Visual Studio Solution File, Format Version 12.00
# Visual Studio Version 17
VisualStudioVersion = 17.7.34221.43
MinimumVisualStudioVersion = 10.0.40219.1
Project("{FAE04EC0-301F-11D3-BF4B-00C04F79EFBC}") = "HexagonArchitecture.Application", "HexagonArchitecture.Application\HexagonArchitecture.Application.csproj", "{9DA188BE-39E1-4129-8304-5E8F6BD92A03}"
EndProject
Project("{FAE04EC0-301F-11D3-BF4B-00C04F79EFBC}") = "HexagonArchitecture.Domain", "HexagonArchitecture.Domain\HexagonArchitecture.Domain.csproj", "{7B312ACC-8BF9-4B87-99DE-BE0E7466AAF0}"
EndProject
Project("{FAE04EC0-301F-11D3-BF4B-00C04F79EFBC}") = "HexagonArcthitecture.Infrastructure", "HexagonArcthitecture.Infrastructure\HexagonArcthitecture.Infrastructure.csproj", "{5D90BA79-2A8E-47FC-B456-63C2C0CBAEFF}"
EndProject
Project("{FAE04EC0-301F-11D3-BF4B-00C04F79EFBC}") = "HexagonalArchitecture.WebApi", "HexagonalArchitecture.WebApi\HexagonalArchitecture.WebApi.csproj", "{08CB2328-9CF2-4943-A606-A9FF262FB3F4}"
EndProject
Global
	GlobalSection(SolutionConfigurationPlatforms) = preSolution
		Debug|Any CPU = Debug|Any CPU
		Release|Any CPU = Release|Any CPU
	EndGlobalSection
	GlobalSection(ProjectConfigurationPlatforms) = postSolution
		{9DA188BE-39E1-4129-8304-5E8F6BD92A03}.Debug|Any CPU.ActiveCfg = Debug|Any CPU
		{9DA188BE-39E1-4129-8304-5E8F6BD92A03}.Debug|Any CPU.Build.0 = Debug|Any CPU
		{9DA188BE-39E1-4129-8304-5E8F6BD92A03}.Release|Any CPU.ActiveCfg = Release|Any CPU
		{9DA188BE-39E1-4129-8304-5E8F6BD92A03}.Release|Any CPU.Build.0 = Release|Any CPU
		{7B312ACC-8BF9-4B87-99DE-BE0E7466AAF0}.Debug|Any CPU.ActiveCfg = Debug|Any CPU
		{7B312ACC-8BF9-4B87-99DE-BE0E7466AAF0}.Debug|Any CPU.Build.0 = Debug|Any CPU
		{7B312ACC-8BF9-4B87-99DE-BE0E7466AAF0}.Release|Any CPU.ActiveCfg = Release|Any CPU
		{7B312ACC-8BF9-4B87-99DE-BE0E7466AAF0}.Release|Any CPU.Build.0 = Release|Any CPU
		{5D90BA79-2A8E-47FC-B456-63C2C0CBAEFF}.Debug|Any CPU.ActiveCfg = Debug|Any CPU
		{5D90BA79-2A8E-47FC-B456-63C2C0CBAEFF}.Debug|Any CPU.Build.0 = Debug|Any CPU
		{5D90BA79-2A8E-47FC-B456-63C2C0CBAEFF}.Release|Any CPU.ActiveCfg = Release|Any CPU
		{5D90BA79-2A8E-47FC-B456-63C2C0CBAEFF}.Release|Any CPU.Build.0 = Release|Any CPU
		{08CB2328-9CF2-4943-A606-A9FF262FB3F4}.Debug|Any CPU.ActiveCfg = Debug|Any CPU
		{08CB2328-9CF2-4943-A606-A9FF262FB3F4}.Debug|Any CPU.Build.0 = Debug|Any CPU
		{08CB2328-9CF2-4943-A606-A9FF262FB3F4}.Release|Any CPU.ActiveCfg = Release|Any CPU
		{08CB2328-9CF2-4943-A606-A9FF262FB3F4}.Release|Any CPU.Build.0 = Release|Any CPU
	EndGlobalSection
	GlobalSection(SolutionProperties) = preSolution
		HideSolutionNode = FALSE
	EndGlobalSection
	GlobalSection(ExtensibilityGlobals) = postSolution
		SolutionGuid = {4C743A77-FCD5-45C1-B8E7-89FD430A6FB7}
	EndGlobalSection
EndGlobal
